
Microsoft Visual Studio Solution File, Format Version 12.00
# Visual Studio Version 16
VisualStudioVersion = 16.0.30523.141
MinimumVisualStudioVersion = 10.0.40219.1
Project("{FAE04EC0-301F-11D3-BF4B-00C04F79EFBC}") = "UniversityApp.Android", "UniversityApp\UniversityApp.Android\UniversityApp.Android.csproj", "{7EEB30F0-554F-431B-8F9D-D0584DEDD538}"
EndProject
Project("{FAE04EC0-301F-11D3-BF4B-00C04F79EFBC}") = "UniversityApp.iOS", "UniversityApp\UniversityApp.iOS\UniversityApp.iOS.csproj", "{54646932-B242-44B1-A06F-CAC0735E472A}"
EndProject
Project("{FAE04EC0-301F-11D3-BF4B-00C04F79EFBC}") = "UniversityApp", "UniversityApp\UniversityApp\UniversityApp.csproj", "{143C0D4A-2253-4071-A1A4-B4F60F98758D}"
EndProject
Project("{FAE04EC0-301F-11D3-BF4B-00C04F79EFBC}") = "UniversityApp.BL", "UniversityApp.BL\UniversityApp.BL.csproj", "{9EFC1579-5FAF-48A8-ACB3-9562F4AC001F}"
EndProject
Global
	GlobalSection(SolutionConfigurationPlatforms) = preSolution
		Debug|Any CPU = Debug|Any CPU
		Debug|iPhone = Debug|iPhone
		Debug|iPhoneSimulator = Debug|iPhoneSimulator
		Release|Any CPU = Release|Any CPU
		Release|iPhone = Release|iPhone
		Release|iPhoneSimulator = Release|iPhoneSimulator
	EndGlobalSection
	GlobalSection(ProjectConfigurationPlatforms) = postSolution
		{7EEB30F0-554F-431B-8F9D-D0584DEDD538}.Debug|Any CPU.ActiveCfg = Debug|Any CPU
		{7EEB30F0-554F-431B-8F9D-D0584DEDD538}.Debug|Any CPU.Build.0 = Debug|Any CPU
		{7EEB30F0-554F-431B-8F9D-D0584DEDD538}.Debug|Any CPU.Deploy.0 = Debug|Any CPU
		{7EEB30F0-554F-431B-8F9D-D0584DEDD538}.Debug|iPhone.ActiveCfg = Debug|Any CPU
		{7EEB30F0-554F-431B-8F9D-D0584DEDD538}.Debug|iPhone.Build.0 = Debug|Any CPU
		{7EEB30F0-554F-431B-8F9D-D0584DEDD538}.Debug|iPhone.Deploy.0 = Debug|Any CPU
		{7EEB30F0-554F-431B-8F9D-D0584DEDD538}.Debug|iPhoneSimulator.ActiveCfg = Debug|Any CPU
		{7EEB30F0-554F-431B-8F9D-D0584DEDD538}.Debug|iPhoneSimulator.Build.0 = Debug|Any CPU
		{7EEB30F0-554F-431B-8F9D-D0584DEDD538}.Debug|iPhoneSimulator.Deploy.0 = Debug|Any CPU
		{7EEB30F0-554F-431B-8F9D-D0584DEDD538}.Release|Any CPU.ActiveCfg = Release|Any CPU
		{7EEB30F0-554F-431B-8F9D-D0584DEDD538}.Release|Any CPU.Build.0 = Release|Any CPU
		{7EEB30F0-554F-431B-8F9D-D0584DEDD538}.Release|Any CPU.Deploy.0 = Release|Any CPU
		{7EEB30F0-554F-431B-8F9D-D0584DEDD538}.Release|iPhone.ActiveCfg = Release|Any CPU
		{7EEB30F0-554F-431B-8F9D-D0584DEDD538}.Release|iPhone.Build.0 = Release|Any CPU
		{7EEB30F0-554F-431B-8F9D-D0584DEDD538}.Release|iPhone.Deploy.0 = Release|Any CPU
		{7EEB30F0-554F-431B-8F9D-D0584DEDD538}.Release|iPhoneSimulator.ActiveCfg = Release|Any CPU
		{7EEB30F0-554F-431B-8F9D-D0584DEDD538}.Release|iPhoneSimulator.Build.0 = Release|Any CPU
		{7EEB30F0-554F-431B-8F9D-D0584DEDD538}.Release|iPhoneSimulator.Deploy.0 = Release|Any CPU
		{54646932-B242-44B1-A06F-CAC0735E472A}.Debug|Any CPU.ActiveCfg = Debug|iPhone
		{54646932-B242-44B1-A06F-CAC0735E472A}.Debug|Any CPU.Build.0 = Debug|iPhone
		{54646932-B242-44B1-A06F-CAC0735E472A}.Debug|Any CPU.Deploy.0 = Debug|iPhone
		{54646932-B242-44B1-A06F-CAC0735E472A}.Debug|iPhone.ActiveCfg = Debug|iPhone
		{54646932-B242-44B1-A06F-CAC0735E472A}.Debug|iPhone.Build.0 = Debug|iPhone
		{54646932-B242-44B1-A06F-CAC0735E472A}.Debug|iPhone.Deploy.0 = Debug|iPhone
		{54646932-B242-44B1-A06F-CAC0735E472A}.Debug|iPhoneSimulator.ActiveCfg = Debug|iPhoneSimulator
		{54646932-B242-44B1-A06F-CAC0735E472A}.Debug|iPhoneSimulator.Build.0 = Debug|iPhoneSimulator
		{54646932-B242-44B1-A06F-CAC0735E472A}.Debug|iPhoneSimulator.Deploy.0 = Debug|iPhoneSimulator
		{54646932-B242-44B1-A06F-CAC0735E472A}.Release|Any CPU.ActiveCfg = Release|iPhoneSimulator
		{54646932-B242-44B1-A06F-CAC0735E472A}.Release|Any CPU.Build.0 = Release|iPhoneSimulator
		{54646932-B242-44B1-A06F-CAC0735E472A}.Release|Any CPU.Deploy.0 = Release|iPhoneSimulator
		{54646932-B242-44B1-A06F-CAC0735E472A}.Release|iPhone.ActiveCfg = Release|iPhone
		{54646932-B242-44B1-A06F-CAC0735E472A}.Release|iPhone.Build.0 = Release|iPhone
		{54646932-B242-44B1-A06F-CAC0735E472A}.Release|iPhone.Deploy.0 = Release|iPhone
		{54646932-B242-44B1-A06F-CAC0735E472A}.Release|iPhoneSimulator.ActiveCfg = Release|iPhoneSimulator
		{54646932-B242-44B1-A06F-CAC0735E472A}.Release|iPhoneSimulator.Build.0 = Release|iPhoneSimulator
		{54646932-B242-44B1-A06F-CAC0735E472A}.Release|iPhoneSimulator.Deploy.0 = Release|iPhoneSimulator
		{143C0D4A-2253-4071-A1A4-B4F60F98758D}.Debug|Any CPU.ActiveCfg = Debug|Any CPU
		{143C0D4A-2253-4071-A1A4-B4F60F98758D}.Debug|Any CPU.Build.0 = Debug|Any CPU
		{143C0D4A-2253-4071-A1A4-B4F60F98758D}.Debug|Any CPU.Deploy.0 = Debug|Any CPU
		{143C0D4A-2253-4071-A1A4-B4F60F98758D}.Debug|iPhone.ActiveCfg = Debug|Any CPU
		{143C0D4A-2253-4071-A1A4-B4F60F98758D}.Debug|iPhone.Build.0 = Debug|Any CPU
		{143C0D4A-2253-4071-A1A4-B4F60F98758D}.Debug|iPhone.Deploy.0 = Debug|Any CPU
		{143C0D4A-2253-4071-A1A4-B4F60F98758D}.Debug|iPhoneSimulator.ActiveCfg = Debug|Any CPU
		{143C0D4A-2253-4071-A1A4-B4F60F98758D}.Debug|iPhoneSimulator.Build.0 = Debug|Any CPU
		{143C0D4A-2253-4071-A1A4-B4F60F98758D}.Debug|iPhoneSimulator.Deploy.0 = Debug|Any CPU
		{143C0D4A-2253-4071-A1A4-B4F60F98758D}.Release|Any CPU.ActiveCfg = Release|Any CPU
		{143C0D4A-2253-4071-A1A4-B4F60F98758D}.Release|Any CPU.Build.0 = Release|Any CPU
		{143C0D4A-2253-4071-A1A4-B4F60F98758D}.Release|Any CPU.Deploy.0 = Release|Any CPU
		{143C0D4A-2253-4071-A1A4-B4F60F98758D}.Release|iPhone.ActiveCfg = Release|Any CPU
		{143C0D4A-2253-4071-A1A4-B4F60F98758D}.Release|iPhone.Build.0 = Release|Any CPU
		{143C0D4A-2253-4071-A1A4-B4F60F98758D}.Release|iPhone.Deploy.0 = Release|Any CPU
		{143C0D4A-2253-4071-A1A4-B4F60F98758D}.Release|iPhoneSimulator.ActiveCfg = Release|Any CPU
		{143C0D4A-2253-4071-A1A4-B4F60F98758D}.Release|iPhoneSimulator.Build.0 = Release|Any CPU
		{143C0D4A-2253-4071-A1A4-B4F60F98758D}.Release|iPhoneSimulator.Deploy.0 = Release|Any CPU
		{9EFC1579-5FAF-48A8-ACB3-9562F4AC001F}.Debug|Any CPU.ActiveCfg = Debug|Any CPU
		{9EFC1579-5FAF-48A8-ACB3-9562F4AC001F}.Debug|Any CPU.Build.0 = Debug|Any CPU
		{9EFC1579-5FAF-48A8-ACB3-9562F4AC001F}.Debug|iPhone.ActiveCfg = Debug|Any CPU
		{9EFC1579-5FAF-48A8-ACB3-9562F4AC001F}.Debug|iPhone.Build.0 = Debug|Any CPU
		{9EFC1579-5FAF-48A8-ACB3-9562F4AC001F}.Debug|iPhoneSimulator.ActiveCfg = Debug|Any CPU
		{9EFC1579-5FAF-48A8-ACB3-9562F4AC001F}.Debug|iPhoneSimulator.Build.0 = Debug|Any CPU
		{9EFC1579-5FAF-48A8-ACB3-9562F4AC001F}.Release|Any CPU.ActiveCfg = Release|Any CPU
		{9EFC1579-5FAF-48A8-ACB3-9562F4AC001F}.Release|Any CPU.Build.0 = Release|Any CPU
		{9EFC1579-5FAF-48A8-ACB3-9562F4AC001F}.Release|iPhone.ActiveCfg = Release|Any CPU
		{9EFC1579-5FAF-48A8-ACB3-9562F4AC001F}.Release|iPhone.Build.0 = Release|Any CPU
		{9EFC1579-5FAF-48A8-ACB3-9562F4AC001F}.Release|iPhoneSimulator.ActiveCfg = Release|Any CPU
		{9EFC1579-5FAF-48A8-ACB3-9562F4AC001F}.Release|iPhoneSimulator.Build.0 = Release|Any CPU
	EndGlobalSection
	GlobalSection(SolutionProperties) = preSolution
		HideSolutionNode = FALSE
	EndGlobalSection
	GlobalSection(ExtensibilityGlobals) = postSolution
		SolutionGuid = {E3137D55-5340-4C3C-84B8-BCED612FE212}
	EndGlobalSection
EndGlobal
